
Microsoft Visual Studio Solution File, Format Version 12.00
# Visual Studio Version 16
VisualStudioVersion = 16.0.31019.35
MinimumVisualStudioVersion = 10.0.40219.1
Project("{FAE04EC0-301F-11D3-BF4B-00C04F79EFBC}") = "C-Sharp_Trainging_Project", "C-Sharp_Trainging_Project\C-Sharp_Trainging_Project.csproj", "{5A5F1B0D-13FE-421D-9EC1-1AC469E74935}"
EndProject
Global
	GlobalSection(SolutionConfigurationPlatforms) = preSolution
		Debug|Any CPU = Debug|Any CPU
		Release|Any CPU = Release|Any CPU
	EndGlobalSection
	GlobalSection(ProjectConfigurationPlatforms) = postSolution
		{5A5F1B0D-13FE-421D-9EC1-1AC469E74935}.Debug|Any CPU.ActiveCfg = Debug|Any CPU
		{5A5F1B0D-13FE-421D-9EC1-1AC469E74935}.Debug|Any CPU.Build.0 = Debug|Any CPU
		{5A5F1B0D-13FE-421D-9EC1-1AC469E74935}.Release|Any CPU.ActiveCfg = Release|Any CPU
		{5A5F1B0D-13FE-421D-9EC1-1AC469E74935}.Release|Any CPU.Build.0 = Release|Any CPU
	EndGlobalSection
	GlobalSection(SolutionProperties) = preSolution
		HideSolutionNode = FALSE
	EndGlobalSection
	GlobalSection(ExtensibilityGlobals) = postSolution
		SolutionGuid = {1C59ED46-F6FD-4B34-AD67-EF1365AD2B18}
	EndGlobalSection
EndGlobal
